
Microsoft Visual Studio Solution File, Format Version 12.00
# Visual Studio Version 16
VisualStudioVersion = 16.0.32106.194
MinimumVisualStudioVersion = 10.0.40219.1
Project("{9A19103F-16F7-4668-BE54-9A1E7A4F7556}") = "Console", "Console\Console.csproj", "{891A7C32-B519-4839-A872-CC3C8ED18FBD}"
EndProject
Project("{9A19103F-16F7-4668-BE54-9A1E7A4F7556}") = "Domain", "Domain\Domain.csproj", "{D196A8CC-5363-4925-8E64-7A36DCBB1FC7}"
EndProject
Project("{9A19103F-16F7-4668-BE54-9A1E7A4F7556}") = "Service", "Service\Service.csproj", "{7E65B1E0-933F-4A37-9C42-BB13DA73F2B1}"
EndProject
Project("{9A19103F-16F7-4668-BE54-9A1E7A4F7556}") = "Data", "Data\Data.csproj", "{323BC764-D826-4823-9A88-4C20EB5CD6E1}"
EndProject
Project("{FAE04EC0-301F-11D3-BF4B-00C04F79EFBC}") = "ServicePattern", "ServicePattern\ServicePattern.csproj", "{2E56AC3E-C8A7-4F06-BF2A-9F06D26EDB13}"
EndProject
Global
	GlobalSection(SolutionConfigurationPlatforms) = preSolution
		Debug|Any CPU = Debug|Any CPU
		Release|Any CPU = Release|Any CPU
	EndGlobalSection
	GlobalSection(ProjectConfigurationPlatforms) = postSolution
		{891A7C32-B519-4839-A872-CC3C8ED18FBD}.Debug|Any CPU.ActiveCfg = Debug|Any CPU
		{891A7C32-B519-4839-A872-CC3C8ED18FBD}.Debug|Any CPU.Build.0 = Debug|Any CPU
		{891A7C32-B519-4839-A872-CC3C8ED18FBD}.Release|Any CPU.ActiveCfg = Release|Any CPU
		{891A7C32-B519-4839-A872-CC3C8ED18FBD}.Release|Any CPU.Build.0 = Release|Any CPU
		{D196A8CC-5363-4925-8E64-7A36DCBB1FC7}.Debug|Any CPU.ActiveCfg = Debug|Any CPU
		{D196A8CC-5363-4925-8E64-7A36DCBB1FC7}.Debug|Any CPU.Build.0 = Debug|Any CPU
		{D196A8CC-5363-4925-8E64-7A36DCBB1FC7}.Release|Any CPU.ActiveCfg = Release|Any CPU
		{D196A8CC-5363-4925-8E64-7A36DCBB1FC7}.Release|Any CPU.Build.0 = Release|Any CPU
		{7E65B1E0-933F-4A37-9C42-BB13DA73F2B1}.Debug|Any CPU.ActiveCfg = Debug|Any CPU
		{7E65B1E0-933F-4A37-9C42-BB13DA73F2B1}.Debug|Any CPU.Build.0 = Debug|Any CPU
		{7E65B1E0-933F-4A37-9C42-BB13DA73F2B1}.Release|Any CPU.ActiveCfg = Release|Any CPU
		{7E65B1E0-933F-4A37-9C42-BB13DA73F2B1}.Release|Any CPU.Build.0 = Release|Any CPU
		{323BC764-D826-4823-9A88-4C20EB5CD6E1}.Debug|Any CPU.ActiveCfg = Debug|Any CPU
		{323BC764-D826-4823-9A88-4C20EB5CD6E1}.Debug|Any CPU.Build.0 = Debug|Any CPU
		{323BC764-D826-4823-9A88-4C20EB5CD6E1}.Release|Any CPU.ActiveCfg = Release|Any CPU
		{323BC764-D826-4823-9A88-4C20EB5CD6E1}.Release|Any CPU.Build.0 = Release|Any CPU
		{2E56AC3E-C8A7-4F06-BF2A-9F06D26EDB13}.Debug|Any CPU.ActiveCfg = Debug|Any CPU
		{2E56AC3E-C8A7-4F06-BF2A-9F06D26EDB13}.Debug|Any CPU.Build.0 = Debug|Any CPU
		{2E56AC3E-C8A7-4F06-BF2A-9F06D26EDB13}.Release|Any CPU.ActiveCfg = Release|Any CPU
		{2E56AC3E-C8A7-4F06-BF2A-9F06D26EDB13}.Release|Any CPU.Build.0 = Release|Any CPU
	EndGlobalSection
	GlobalSection(SolutionProperties) = preSolution
		HideSolutionNode = FALSE
	EndGlobalSection
	GlobalSection(ExtensibilityGlobals) = postSolution
		SolutionGuid = {92B05140-9B23-4C62-98B6-BC0A30D499D9}
	EndGlobalSection
EndGlobal
